github.com/GoodHot/TinyCMS v0.0.0-20200413071936-69154b60a631 h1:Ai0dPb0Bk0eBF+FfL4SPPg91feRu2kwANBouDORxcY8=
github.com/GoodHot/TinyCMS v0.0.0-20200413071936-69154b60a631/go.mod h1:WX5OsQiZ4Gizb7/QpbuXS4CeTaZ9rntDUNz1C/EmDuw=
github.com/wang22/easyjson v0.0.0-20200203035647-7920045a1db3 h1:PboKXR0d/udiMs7Nk6KEzAnq2rZXlfPfFk1Q6ca4Ibk=
github.com/wang22/easyjson v0.0.0-20200203035647-7920045a1db3/go.mod h1:AQ9IKaAHvmDl1uhpeuK+JR2R5w+LbNkBUTesRwfSoaY=
